<?xml version="1.0" encoding="utf-8"?>
<Project ToolsVersion="4.0" xmlns="http://schemas.microsoft.com/developer/msbuild/2003">
  <ItemGroup>
    <Filter Include="소스 파일">
      <UniqueIdentifier>{4FC737F1-C7A5-4376-A066-2A32D752A2FF}</UniqueIdentifier>
      <Extensions>cpp;c;cc;cxx;def;odl;idl;hpj;bat;asm;asmx</Extensions>
    </Filter>
    <Filter Include="헤더 파일">
      <UniqueIdentifier>{93995380-89BD-4b04-88EB-625FBE52EBFB}</UniqueIdentifier>
      <Extensions>h;hh;hpp;hxx;hm;inl;inc;xsd</Extensions>
    </Filter>
    <Filter Include="리소스 파일">
      <UniqueIdentifier>{67DA6AB6-F800-4c08-8B7A-83BB121AAD01}</UniqueIdentifier>
      <Extensions>rc;ico;cur;bmp;dlg;rc2;rct;bin;rgs;gif;jpg;jpeg;jpe;resx;tiff;tif;png;wav;mfcribbon-ms</Extensions>
    </Filter>
    <Filter Include="99. Protocol">
      <UniqueIdentifier>{d4dba4cc-a372-4204-ab82-e8fa276d4d73}</UniqueIdentifier>
    </Filter>
    <Filter Include="01. ServerIocp">
      <UniqueIdentifier>{a50bea1c-6cc6-406f-9511-50cac3d09a3b}</UniqueIdentifier>
    </Filter>
    <Filter Include="02. ConnectedSessionManager">
      <UniqueIdentifier>{200a855b-3281-4bb9-a22b-965b2a16efab}</UniqueIdentifier>
    </Filter>
    <Filter Include="02. ConnectedSessionManager\ConnectedSession">
      <UniqueIdentifier>{4a2d7e04-c7d5-4512-9621-95a1e4abf6bf}</UniqueIdentifier>
    </Filter>
  </ItemGroup>
  <ItemGroup>
    <Text Include="ReadMe.txt" />
  </ItemGroup>
  <ItemGroup>
    <ClInclude Include="stdafx.h">
      <Filter>헤더 파일</Filter>
    </ClInclude>
    <ClInclude Include="targetver.h">
      <Filter>헤더 파일</Filter>
    </ClInclude>
    <ClInclude Include="ServerIocp.h">
      <Filter>01. ServerIocp</Filter>
    </ClInclude>
    <ClInclude Include="ConnectedSession.h">
      <Filter>02. ConnectedSessionManager\ConnectedSession</Filter>
    </ClInclude>
    <ClInclude Include="ConnectedSessionManager.h">
      <Filter>02. ConnectedSessionManager</Filter>
    </ClInclude>
  </ItemGroup>
  <ItemGroup>
    <ClCompile Include="stdafx.cpp">
      <Filter>소스 파일</Filter>
    </ClCompile>
    <ClCompile Include="Server.cpp">
      <Filter>소스 파일</Filter>
    </ClCompile>
    <ClCompile Include="ServerIocp.cpp">
      <Filter>01. ServerIocp</Filter>
    </ClCompile>
    <ClCompile Include="ConnectedSession.cpp">
      <Filter>02. ConnectedSessionManager\ConnectedSession</Filter>
    </ClCompile>
    <ClCompile Include="ConnectedSessionManager.cpp">
      <Filter>02. ConnectedSessionManager</Filter>
    </ClCompile>
  </ItemGroup>
</Project>