
Microsoft Visual Studio Solution File, Format Version 12.00
# Visual Studio 14
VisualStudioVersion = 14.0.25420.1
MinimumVisualStudioVersion = 10.0.40219.1
Project("{8BC9CEB8-8B4A-11D0-8D11-00A0C91BC942}") = "LowLib", "LowLib\LowLib.vcxproj", "{164D66D7-96DB-448F-BA38-E06D5977237C}"
EndProject
Project("{8BC9CEB8-8B4A-11D0-8D11-00A0C91BC942}") = "PacketGenerator", "PacketGenerator\PacketGenerator.vcxproj", "{738A4F03-9CB1-4269-9CFD-177D2DB3A9E8}"
EndProject
Project("{8BC9CEB8-8B4A-11D0-8D11-00A0C91BC942}") = "PerformanceProvider", "PerformanceProvider\PerformanceProvider.vcxproj", "{204B1CA3-F368-4CBB-9EFE-BBF28AE1C770}"
EndProject
Project("{8BC9CEB8-8B4A-11D0-8D11-00A0C91BC942}") = "Server", "Server\Server.vcxproj", "{22D81CD7-3E0E-4120-8ABC-24D4231FEDC7}"
EndProject
Global
	GlobalSection(SolutionConfigurationPlatforms) = preSolution
		Debug|x64 = Debug|x64
		Debug|x86 = Debug|x86
		Release|x64 = Release|x64
		Release|x86 = Release|x86
	EndGlobalSection
	GlobalSection(ProjectConfigurationPlatforms) = postSolution
		{164D66D7-96DB-448F-BA38-E06D5977237C}.Debug|x64.ActiveCfg = Debug|x64
		{164D66D7-96DB-448F-BA38-E06D5977237C}.Debug|x64.Build.0 = Debug|x64
		{164D66D7-96DB-448F-BA38-E06D5977237C}.Debug|x86.ActiveCfg = Debug|Win32
		{164D66D7-96DB-448F-BA38-E06D5977237C}.Debug|x86.Build.0 = Debug|Win32
		{164D66D7-96DB-448F-BA38-E06D5977237C}.Release|x64.ActiveCfg = Release|x64
		{164D66D7-96DB-448F-BA38-E06D5977237C}.Release|x64.Build.0 = Release|x64
		{164D66D7-96DB-448F-BA38-E06D5977237C}.Release|x86.ActiveCfg = Release|Win32
		{164D66D7-96DB-448F-BA38-E06D5977237C}.Release|x86.Build.0 = Release|Win32
		{738A4F03-9CB1-4269-9CFD-177D2DB3A9E8}.Debug|x64.ActiveCfg = Debug|x64
		{738A4F03-9CB1-4269-9CFD-177D2DB3A9E8}.Debug|x64.Build.0 = Debug|x64
		{738A4F03-9CB1-4269-9CFD-177D2DB3A9E8}.Debug|x86.ActiveCfg = Debug|Win32
		{738A4F03-9CB1-4269-9CFD-177D2DB3A9E8}.Debug|x86.Build.0 = Debug|Win32
		{738A4F03-9CB1-4269-9CFD-177D2DB3A9E8}.Release|x64.ActiveCfg = Release|x64
		{738A4F03-9CB1-4269-9CFD-177D2DB3A9E8}.Release|x64.Build.0 = Release|x64
		{738A4F03-9CB1-4269-9CFD-177D2DB3A9E8}.Release|x86.ActiveCfg = Release|Win32
		{738A4F03-9CB1-4269-9CFD-177D2DB3A9E8}.Release|x86.Build.0 = Release|Win32
		{204B1CA3-F368-4CBB-9EFE-BBF28AE1C770}.Debug|x64.ActiveCfg = Debug|x64
		{204B1CA3-F368-4CBB-9EFE-BBF28AE1C770}.Debug|x64.Build.0 = Debug|x64
		{204B1CA3-F368-4CBB-9EFE-BBF28AE1C770}.Debug|x86.ActiveCfg = Debug|Win32
		{204B1CA3-F368-4CBB-9EFE-BBF28AE1C770}.Debug|x86.Build.0 = Debug|Win32
		{204B1CA3-F368-4CBB-9EFE-BBF28AE1C770}.Release|x64.ActiveCfg = Release|x64
		{204B1CA3-F368-4CBB-9EFE-BBF28AE1C770}.Release|x64.Build.0 = Release|x64
		{204B1CA3-F368-4CBB-9EFE-BBF28AE1C770}.Release|x86.ActiveCfg = Release|Win32
		{204B1CA3-F368-4CBB-9EFE-BBF28AE1C770}.Release|x86.Build.0 = Release|Win32
		{22D81CD7-3E0E-4120-8ABC-24D4231FEDC7}.Debug|x64.ActiveCfg = Debug|x64
		{22D81CD7-3E0E-4120-8ABC-24D4231FEDC7}.Debug|x64.Build.0 = Debug|x64
		{22D81CD7-3E0E-4120-8ABC-24D4231FEDC7}.Debug|x86.ActiveCfg = Debug|Win32
		{22D81CD7-3E0E-4120-8ABC-24D4231FEDC7}.Debug|x86.Build.0 = Debug|Win32
		{22D81CD7-3E0E-4120-8ABC-24D4231FEDC7}.Release|x64.ActiveCfg = Release|x64
		{22D81CD7-3E0E-4120-8ABC-24D4231FEDC7}.Release|x64.Build.0 = Release|x64
		{22D81CD7-3E0E-4120-8ABC-24D4231FEDC7}.Release|x86.ActiveCfg = Release|Win32
		{22D81CD7-3E0E-4120-8ABC-24D4231FEDC7}.Release|x86.Build.0 = Release|Win32
	EndGlobalSection
	GlobalSection(SolutionProperties) = preSolution
		HideSolutionNode = FALSE
	EndGlobalSection
EndGlobal
